
Microsoft Visual Studio Solution File, Format Version 12.00
# Visual Studio 15
VisualStudioVersion = 15.0.28010.2036
MinimumVisualStudioVersion = 10.0.40219.1
Project("{FAE04EC0-301F-11D3-BF4B-00C04F79EFBC}") = "DiceHeroesWFA", "DiceHeroesWFA\DiceHeroesWFA.csproj", "{AEA8FE18-88FE-4B28-B7E9-0FAB90A0AEB2}"
EndProject
Global
	GlobalSection(SolutionConfigurationPlatforms) = preSolution
		Debug|Any CPU = Debug|Any CPU
		Release|Any CPU = Release|Any CPU
	EndGlobalSection
	GlobalSection(ProjectConfigurationPlatforms) = postSolution
		{AEA8FE18-88FE-4B28-B7E9-0FAB90A0AEB2}.Debug|Any CPU.ActiveCfg = Debug|Any CPU
		{AEA8FE18-88FE-4B28-B7E9-0FAB90A0AEB2}.Debug|Any CPU.Build.0 = Debug|Any CPU
		{AEA8FE18-88FE-4B28-B7E9-0FAB90A0AEB2}.Release|Any CPU.ActiveCfg = Release|Any CPU
		{AEA8FE18-88FE-4B28-B7E9-0FAB90A0AEB2}.Release|Any CPU.Build.0 = Release|Any CPU
	EndGlobalSection
	GlobalSection(SolutionProperties) = preSolution
		HideSolutionNode = FALSE
	EndGlobalSection
	GlobalSection(ExtensibilityGlobals) = postSolution
		SolutionGuid = {5607BA9A-DCA3-4758-9CBF-8A1FAB69E302}
	EndGlobalSection
EndGlobal
